
Microsoft Visual Studio Solution File, Format Version 12.00
# Visual Studio Version 17
VisualStudioVersion = 17.10.35027.167
MinimumVisualStudioVersion = 10.0.40219.1
Project("{9A19103F-16F7-4668-BE54-9A1E7A4F7556}") = "FilterToDelivery", "FilterToDelivery\FilterToDelivery.csproj", "{36F290BF-761B-4045-974F-4AE6395CCB0C}"
EndProject
Project("{9A19103F-16F7-4668-BE54-9A1E7A4F7556}") = "Entities", "Entities\Entities.csproj", "{DFBAE6CF-6DB3-49C2-B4B2-8689EB0D6039}"
EndProject
Project("{9A19103F-16F7-4668-BE54-9A1E7A4F7556}") = "Repository", "Repository\Repository.csproj", "{505BAAFD-46CB-4C18-A6ED-2B885D532E9B}"
EndProject
Project("{9A19103F-16F7-4668-BE54-9A1E7A4F7556}") = "Contracts", "Contracts\Contracts.csproj", "{B741ECC4-2A21-4880-BE95-C25A4031565D}"
EndProject
Project("{FAE04EC0-301F-11D3-BF4B-00C04F79EFBC}") = "LoggerService", "LoggerService\LoggerService.csproj", "{BDB1E150-26EA-4BAC-9043-6F6EE1025D2F}"
EndProject
Global
	GlobalSection(SolutionConfigurationPlatforms) = preSolution
		Debug|Any CPU = Debug|Any CPU
		Release|Any CPU = Release|Any CPU
	EndGlobalSection
	GlobalSection(ProjectConfigurationPlatforms) = postSolution
		{36F290BF-761B-4045-974F-4AE6395CCB0C}.Debug|Any CPU.ActiveCfg = Debug|Any CPU
		{36F290BF-761B-4045-974F-4AE6395CCB0C}.Debug|Any CPU.Build.0 = Debug|Any CPU
		{36F290BF-761B-4045-974F-4AE6395CCB0C}.Release|Any CPU.ActiveCfg = Release|Any CPU
		{36F290BF-761B-4045-974F-4AE6395CCB0C}.Release|Any CPU.Build.0 = Release|Any CPU
		{DFBAE6CF-6DB3-49C2-B4B2-8689EB0D6039}.Debug|Any CPU.ActiveCfg = Debug|Any CPU
		{DFBAE6CF-6DB3-49C2-B4B2-8689EB0D6039}.Debug|Any CPU.Build.0 = Debug|Any CPU
		{DFBAE6CF-6DB3-49C2-B4B2-8689EB0D6039}.Release|Any CPU.ActiveCfg = Release|Any CPU
		{DFBAE6CF-6DB3-49C2-B4B2-8689EB0D6039}.Release|Any CPU.Build.0 = Release|Any CPU
		{505BAAFD-46CB-4C18-A6ED-2B885D532E9B}.Debug|Any CPU.ActiveCfg = Debug|Any CPU
		{505BAAFD-46CB-4C18-A6ED-2B885D532E9B}.Debug|Any CPU.Build.0 = Debug|Any CPU
		{505BAAFD-46CB-4C18-A6ED-2B885D532E9B}.Release|Any CPU.ActiveCfg = Release|Any CPU
		{505BAAFD-46CB-4C18-A6ED-2B885D532E9B}.Release|Any CPU.Build.0 = Release|Any CPU
		{B741ECC4-2A21-4880-BE95-C25A4031565D}.Debug|Any CPU.ActiveCfg = Debug|Any CPU
		{B741ECC4-2A21-4880-BE95-C25A4031565D}.Debug|Any CPU.Build.0 = Debug|Any CPU
		{B741ECC4-2A21-4880-BE95-C25A4031565D}.Release|Any CPU.ActiveCfg = Release|Any CPU
		{B741ECC4-2A21-4880-BE95-C25A4031565D}.Release|Any CPU.Build.0 = Release|Any CPU
		{BDB1E150-26EA-4BAC-9043-6F6EE1025D2F}.Debug|Any CPU.ActiveCfg = Debug|Any CPU
		{BDB1E150-26EA-4BAC-9043-6F6EE1025D2F}.Debug|Any CPU.Build.0 = Debug|Any CPU
		{BDB1E150-26EA-4BAC-9043-6F6EE1025D2F}.Release|Any CPU.ActiveCfg = Release|Any CPU
		{BDB1E150-26EA-4BAC-9043-6F6EE1025D2F}.Release|Any CPU.Build.0 = Release|Any CPU
	EndGlobalSection
	GlobalSection(SolutionProperties) = preSolution
		HideSolutionNode = FALSE
	EndGlobalSection
	GlobalSection(ExtensibilityGlobals) = postSolution
		SolutionGuid = {E3538F32-C82D-4893-92CA-7E5A91B989EE}
	EndGlobalSection
EndGlobal
